
Microsoft Visual Studio Solution File, Format Version 12.00
# Visual Studio Version 17
VisualStudioVersion = 17.3.32819.101
MinimumVisualStudioVersion = 10.0.40219.1
Project("{888888A0-9F3D-457C-B088-3A5042F75D52}") = "kap 1-3 uppgift 6", "kap 1-3 uppgift 6\kap 1-3 uppgift 6.pyproj", "{63D35133-F716-4E8B-8CFB-17939C6BCD9D}"
EndProject
Global
	GlobalSection(SolutionConfigurationPlatforms) = preSolution
		Debug|Any CPU = Debug|Any CPU
		Release|Any CPU = Release|Any CPU
	EndGlobalSection
	GlobalSection(ProjectConfigurationPlatforms) = postSolution
		{63D35133-F716-4E8B-8CFB-17939C6BCD9D}.Debug|Any CPU.ActiveCfg = Debug|Any CPU
		{63D35133-F716-4E8B-8CFB-17939C6BCD9D}.Release|Any CPU.ActiveCfg = Release|Any CPU
	EndGlobalSection
	GlobalSection(SolutionProperties) = preSolution
		HideSolutionNode = FALSE
	EndGlobalSection
	GlobalSection(ExtensibilityGlobals) = postSolution
		SolutionGuid = {ADE309AF-E927-442D-A141-58587BBCF984}
	EndGlobalSection
EndGlobal
